
Microsoft Visual Studio Solution File, Format Version 12.00
# Visual Studio Version 16
VisualStudioVersion = 16.0.30011.22
MinimumVisualStudioVersion = 10.0.40219.1
Project("{FAE04EC0-301F-11D3-BF4B-00C04F79EFBC}") = "TransferMarket", "TransferMarket.csproj", "{2763EB8D-A795-461E-82A9-49DD8C395AB4}"
EndProject
Global
	GlobalSection(SolutionConfigurationPlatforms) = preSolution
		Debug|Any CPU = Debug|Any CPU
		Release|Any CPU = Release|Any CPU
	EndGlobalSection
	GlobalSection(ProjectConfigurationPlatforms) = postSolution
		{2763EB8D-A795-461E-82A9-49DD8C395AB4}.Debug|Any CPU.ActiveCfg = Debug|Any CPU
		{2763EB8D-A795-461E-82A9-49DD8C395AB4}.Debug|Any CPU.Build.0 = Debug|Any CPU
		{2763EB8D-A795-461E-82A9-49DD8C395AB4}.Release|Any CPU.ActiveCfg = Release|Any CPU
		{2763EB8D-A795-461E-82A9-49DD8C395AB4}.Release|Any CPU.Build.0 = Release|Any CPU
	EndGlobalSection
	GlobalSection(SolutionProperties) = preSolution
		HideSolutionNode = FALSE
	EndGlobalSection
	GlobalSection(ExtensibilityGlobals) = postSolution
		SolutionGuid = {F8F73416-204B-492A-85C8-F8FE38356A05}
	EndGlobalSection
EndGlobal
